
Microsoft Visual Studio Solution File, Format Version 12.00
# Visual Studio Version 16
VisualStudioVersion = 16.0.29609.76
MinimumVisualStudioVersion = 10.0.40219.1
Project("{FAE04EC0-301F-11D3-BF4B-00C04F79EFBC}") = "MSGraphCalendarApp1", "MSGraphCalendarApp1\MSGraphCalendarApp1.csproj", "{AE3DD615-B8AF-449E-B3FB-0AF406387B36}"
EndProject
Global
	GlobalSection(SolutionConfigurationPlatforms) = preSolution
		Debug|Any CPU = Debug|Any CPU
		Release|Any CPU = Release|Any CPU
	EndGlobalSection
	GlobalSection(ProjectConfigurationPlatforms) = postSolution
		{AE3DD615-B8AF-449E-B3FB-0AF406387B36}.Debug|Any CPU.ActiveCfg = Debug|Any CPU
		{AE3DD615-B8AF-449E-B3FB-0AF406387B36}.Debug|Any CPU.Build.0 = Debug|Any CPU
		{AE3DD615-B8AF-449E-B3FB-0AF406387B36}.Release|Any CPU.ActiveCfg = Release|Any CPU
		{AE3DD615-B8AF-449E-B3FB-0AF406387B36}.Release|Any CPU.Build.0 = Release|Any CPU
	EndGlobalSection
	GlobalSection(SolutionProperties) = preSolution
		HideSolutionNode = FALSE
	EndGlobalSection
	GlobalSection(ExtensibilityGlobals) = postSolution
		SolutionGuid = {1BA7BDB2-A369-448C-9FB2-5FAC7A1490D2}
	EndGlobalSection
EndGlobal
